
Microsoft Visual Studio Solution File, Format Version 11.00
# Visual C# Express 2010
Project("{FAE04EC0-301F-11D3-BF4B-00C04F79EFBC}") = "ShowHeightmap", "ShowHeightmap.csproj", "{8E819462-0E1E-439C-9455-D51520B3399D}"
EndProject
Global
	GlobalSection(SolutionConfigurationPlatforms) = preSolution
		Debug|Any CPU = Debug|Any CPU
		Release|Any CPU = Release|Any CPU
		Win8Debug|Any CPU = Win8Debug|Any CPU
		Win8Release|Any CPU = Win8Release|Any CPU
	EndGlobalSection
	GlobalSection(ProjectConfigurationPlatforms) = postSolution
		{8E819462-0E1E-439C-9455-D51520B3399D}.Debug|Any CPU.ActiveCfg = Debug|Any CPU
		{8E819462-0E1E-439C-9455-D51520B3399D}.Debug|Any CPU.Build.0 = Debug|Any CPU
		{8E819462-0E1E-439C-9455-D51520B3399D}.Release|Any CPU.ActiveCfg = Release|Any CPU
		{8E819462-0E1E-439C-9455-D51520B3399D}.Release|Any CPU.Build.0 = Release|Any CPU
		{8E819462-0E1E-439C-9455-D51520B3399D}.Win8Debug|Any CPU.ActiveCfg = Win8Debug|Any CPU
		{8E819462-0E1E-439C-9455-D51520B3399D}.Win8Debug|Any CPU.Build.0 = Win8Debug|Any CPU
		{8E819462-0E1E-439C-9455-D51520B3399D}.Win8Release|Any CPU.ActiveCfg = Win8Release|Any CPU
		{8E819462-0E1E-439C-9455-D51520B3399D}.Win8Release|Any CPU.Build.0 = Win8Release|Any CPU
	EndGlobalSection
	GlobalSection(SolutionProperties) = preSolution
		HideSolutionNode = FALSE
	EndGlobalSection
EndGlobal
